{
  "name": "edemand",
  "lockfileVersion": 3,
  "requires": true,
  "packages": {
    "": {
      "dependencies": {
        "intl-tel-input": "^18.1.5"
      }
    },
    "node_modules/intl-tel-input": {
      "version": "18.1.5",
      "resolved": "https://registry.npmjs.org/intl-tel-input/-/intl-tel-input-18.1.5.tgz",
      "integrity": "sha512-uIMy8bvQdInnQhde4dWy0RMP8EzjgFPn+qGO8A6CSwSlBtQSLqzmemGN6dbtxyNnPXgGkmNRIZsxtTIY3iXEAg=="
    }
  }
}
